
Microsoft Visual Studio Solution File, Format Version 12.00
# Visual Studio Version 17
VisualStudioVersion = 17.0.31903.59
MinimumVisualStudioVersion = 10.0.40219.1
Project("{2150E333-8FDC-42A3-9474-1A3956D46DE8}") = "src", "src", "{827E0CD3-B72D-47B6-A68D-7590B98EB39B}"
EndProject
Project("{FAE04EC0-301F-11D3-BF4B-00C04F79EFBC}") = "CwsEditor.Core", "src\CwsEditor.Core\CwsEditor.Core.csproj", "{3A1ACBA3-D78F-41BF-B115-B71000FD4B2B}"
EndProject
Project("{FAE04EC0-301F-11D3-BF4B-00C04F79EFBC}") = "CwsEditor.Wpf", "src\CwsEditor.Wpf\CwsEditor.Wpf.csproj", "{5267D704-B677-444A-8754-300FE804CDA2}"
EndProject
Project("{FAE04EC0-301F-11D3-BF4B-00C04F79EFBC}") = "CwsEditor.Core.Tests", "tests\CwsEditor.Core.Tests\CwsEditor.Core.Tests.csproj", "{A5A911B3-1A1E-42A0-85ED-CE453B769780}"
EndProject
Project("{2150E333-8FDC-42A3-9474-1A3956D46DE8}") = "tools", "tools", "{07C2787E-EAC7-C090-1BA3-A61EC2A24D84}"
EndProject
Project("{FAE04EC0-301F-11D3-BF4B-00C04F79EFBC}") = "CwsEditor.ResponsivenessBench", "tools\CwsEditor.ResponsivenessBench\CwsEditor.ResponsivenessBench.csproj", "{8834037E-5D1D-4558-96FF-C6C4AF8A80A3}"
EndProject
Project("{FAE04EC0-301F-11D3-BF4B-00C04F79EFBC}") = "CwsEditor.ExportRobustness", "tools\CwsEditor.ExportRobustness\CwsEditor.ExportRobustness.csproj", "{33BF9ACC-2A08-4B24-848C-2561D22A4EA5}"
EndProject
Global
	GlobalSection(SolutionConfigurationPlatforms) = preSolution
		Debug|Any CPU = Debug|Any CPU
		Debug|x64 = Debug|x64
		Debug|x86 = Debug|x86
		Release|Any CPU = Release|Any CPU
		Release|x64 = Release|x64
		Release|x86 = Release|x86
	EndGlobalSection
	GlobalSection(ProjectConfigurationPlatforms) = postSolution
		{3A1ACBA3-D78F-41BF-B115-B71000FD4B2B}.Debug|Any CPU.ActiveCfg = Debug|Any CPU
		{3A1ACBA3-D78F-41BF-B115-B71000FD4B2B}.Debug|Any CPU.Build.0 = Debug|Any CPU
		{3A1ACBA3-D78F-41BF-B115-B71000FD4B2B}.Debug|x64.ActiveCfg = Debug|Any CPU
		{3A1ACBA3-D78F-41BF-B115-B71000FD4B2B}.Debug|x64.Build.0 = Debug|Any CPU
		{3A1ACBA3-D78F-41BF-B115-B71000FD4B2B}.Debug|x86.ActiveCfg = Debug|Any CPU
		{3A1ACBA3-D78F-41BF-B115-B71000FD4B2B}.Debug|x86.Build.0 = Debug|Any CPU
		{3A1ACBA3-D78F-41BF-B115-B71000FD4B2B}.Release|Any CPU.ActiveCfg = Release|Any CPU
		{3A1ACBA3-D78F-41BF-B115-B71000FD4B2B}.Release|Any CPU.Build.0 = Release|Any CPU
		{3A1ACBA3-D78F-41BF-B115-B71000FD4B2B}.Release|x64.ActiveCfg = Release|Any CPU
		{3A1ACBA3-D78F-41BF-B115-B71000FD4B2B}.Release|x64.Build.0 = Release|Any CPU
		{3A1ACBA3-D78F-41BF-B115-B71000FD4B2B}.Release|x86.ActiveCfg = Release|Any CPU
		{3A1ACBA3-D78F-41BF-B115-B71000FD4B2B}.Release|x86.Build.0 = Release|Any CPU
		{5267D704-B677-444A-8754-300FE804CDA2}.Debug|Any CPU.ActiveCfg = Debug|Any CPU
		{5267D704-B677-444A-8754-300FE804CDA2}.Debug|Any CPU.Build.0 = Debug|Any CPU
		{5267D704-B677-444A-8754-300FE804CDA2}.Debug|x64.ActiveCfg = Debug|Any CPU
		{5267D704-B677-444A-8754-300FE804CDA2}.Debug|x64.Build.0 = Debug|Any CPU
		{5267D704-B677-444A-8754-300FE804CDA2}.Debug|x86.ActiveCfg = Debug|Any CPU
		{5267D704-B677-444A-8754-300FE804CDA2}.Debug|x86.Build.0 = Debug|Any CPU
		{5267D704-B677-444A-8754-300FE804CDA2}.Release|Any CPU.ActiveCfg = Release|Any CPU
		{5267D704-B677-444A-8754-300FE804CDA2}.Release|Any CPU.Build.0 = Release|Any CPU
		{5267D704-B677-444A-8754-300FE804CDA2}.Release|x64.ActiveCfg = Release|Any CPU
		{5267D704-B677-444A-8754-300FE804CDA2}.Release|x64.Build.0 = Release|Any CPU
		{5267D704-B677-444A-8754-300FE804CDA2}.Release|x86.ActiveCfg = Release|Any CPU
		{5267D704-B677-444A-8754-300FE804CDA2}.Release|x86.Build.0 = Release|Any CPU
		{A5A911B3-1A1E-42A0-85ED-CE453B769780}.Debug|Any CPU.ActiveCfg = Debug|Any CPU
		{A5A911B3-1A1E-42A0-85ED-CE453B769780}.Debug|Any CPU.Build.0 = Debug|Any CPU
		{A5A911B3-1A1E-42A0-85ED-CE453B769780}.Debug|x64.ActiveCfg = Debug|Any CPU
		{A5A911B3-1A1E-42A0-85ED-CE453B769780}.Debug|x64.Build.0 = Debug|Any CPU
		{A5A911B3-1A1E-42A0-85ED-CE453B769780}.Debug|x86.ActiveCfg = Debug|Any CPU
		{A5A911B3-1A1E-42A0-85ED-CE453B769780}.Debug|x86.Build.0 = Debug|Any CPU
		{A5A911B3-1A1E-42A0-85ED-CE453B769780}.Release|Any CPU.ActiveCfg = Release|Any CPU
		{A5A911B3-1A1E-42A0-85ED-CE453B769780}.Release|Any CPU.Build.0 = Release|Any CPU
		{A5A911B3-1A1E-42A0-85ED-CE453B769780}.Release|x64.ActiveCfg = Release|Any CPU
		{A5A911B3-1A1E-42A0-85ED-CE453B769780}.Release|x64.Build.0 = Release|Any CPU
		{A5A911B3-1A1E-42A0-85ED-CE453B769780}.Release|x86.ActiveCfg = Release|Any CPU
		{A5A911B3-1A1E-42A0-85ED-CE453B769780}.Release|x86.Build.0 = Release|Any CPU
		{8834037E-5D1D-4558-96FF-C6C4AF8A80A3}.Debug|Any CPU.ActiveCfg = Debug|Any CPU
		{8834037E-5D1D-4558-96FF-C6C4AF8A80A3}.Debug|Any CPU.Build.0 = Debug|Any CPU
		{8834037E-5D1D-4558-96FF-C6C4AF8A80A3}.Debug|x64.ActiveCfg = Debug|Any CPU
		{8834037E-5D1D-4558-96FF-C6C4AF8A80A3}.Debug|x64.Build.0 = Debug|Any CPU
		{8834037E-5D1D-4558-96FF-C6C4AF8A80A3}.Debug|x86.ActiveCfg = Debug|Any CPU
		{8834037E-5D1D-4558-96FF-C6C4AF8A80A3}.Debug|x86.Build.0 = Debug|Any CPU
		{8834037E-5D1D-4558-96FF-C6C4AF8A80A3}.Release|Any CPU.ActiveCfg = Release|Any CPU
		{8834037E-5D1D-4558-96FF-C6C4AF8A80A3}.Release|Any CPU.Build.0 = Release|Any CPU
		{8834037E-5D1D-4558-96FF-C6C4AF8A80A3}.Release|x64.ActiveCfg = Release|Any CPU
		{8834037E-5D1D-4558-96FF-C6C4AF8A80A3}.Release|x64.Build.0 = Release|Any CPU
		{8834037E-5D1D-4558-96FF-C6C4AF8A80A3}.Release|x86.ActiveCfg = Release|Any CPU
		{8834037E-5D1D-4558-96FF-C6C4AF8A80A3}.Release|x86.Build.0 = Release|Any CPU
		{33BF9ACC-2A08-4B24-848C-2561D22A4EA5}.Debug|Any CPU.ActiveCfg = Debug|Any CPU
		{33BF9ACC-2A08-4B24-848C-2561D22A4EA5}.Debug|Any CPU.Build.0 = Debug|Any CPU
		{33BF9ACC-2A08-4B24-848C-2561D22A4EA5}.Debug|x64.ActiveCfg = Debug|Any CPU
		{33BF9ACC-2A08-4B24-848C-2561D22A4EA5}.Debug|x64.Build.0 = Debug|Any CPU
		{33BF9ACC-2A08-4B24-848C-2561D22A4EA5}.Debug|x86.ActiveCfg = Debug|Any CPU
		{33BF9ACC-2A08-4B24-848C-2561D22A4EA5}.Debug|x86.Build.0 = Debug|Any CPU
		{33BF9ACC-2A08-4B24-848C-2561D22A4EA5}.Release|Any CPU.ActiveCfg = Release|Any CPU
		{33BF9ACC-2A08-4B24-848C-2561D22A4EA5}.Release|Any CPU.Build.0 = Release|Any CPU
		{33BF9ACC-2A08-4B24-848C-2561D22A4EA5}.Release|x64.ActiveCfg = Release|Any CPU
		{33BF9ACC-2A08-4B24-848C-2561D22A4EA5}.Release|x64.Build.0 = Release|Any CPU
		{33BF9ACC-2A08-4B24-848C-2561D22A4EA5}.Release|x86.ActiveCfg = Release|Any CPU
		{33BF9ACC-2A08-4B24-848C-2561D22A4EA5}.Release|x86.Build.0 = Release|Any CPU
	EndGlobalSection
	GlobalSection(SolutionProperties) = preSolution
		HideSolutionNode = FALSE
	EndGlobalSection
	GlobalSection(NestedProjects) = preSolution
		{3A1ACBA3-D78F-41BF-B115-B71000FD4B2B} = {827E0CD3-B72D-47B6-A68D-7590B98EB39B}
		{5267D704-B677-444A-8754-300FE804CDA2} = {827E0CD3-B72D-47B6-A68D-7590B98EB39B}
		{A5A911B3-1A1E-42A0-85ED-CE453B769780} = {827E0CD3-B72D-47B6-A68D-7590B98EB39B}
		{8834037E-5D1D-4558-96FF-C6C4AF8A80A3} = {07C2787E-EAC7-C090-1BA3-A61EC2A24D84}
		{33BF9ACC-2A08-4B24-848C-2561D22A4EA5} = {07C2787E-EAC7-C090-1BA3-A61EC2A24D84}
	EndGlobalSection
EndGlobal
